
Microsoft Visual Studio Solution File, Format Version 12.00
# Visual Studio 15
VisualStudioVersion = 15.0.27703.2000
MinimumVisualStudioVersion = 10.0.40219.1
Project("{FAE04EC0-301F-11D3-BF4B-00C04F79EFBC}") = "WebApplication1", "WebApplication1\WebApplication1.csproj", "{48EA2FE3-EBC4-4767-934E-A2640F0CB304}"
EndProject
Global
	GlobalSection(SolutionConfigurationPlatforms) = preSolution
		Debug|Any CPU = Debug|Any CPU
		Release|Any CPU = Release|Any CPU
	EndGlobalSection
	GlobalSection(ProjectConfigurationPlatforms) = postSolution
		{48EA2FE3-EBC4-4767-934E-A2640F0CB304}.Debug|Any CPU.ActiveCfg = Debug|Any CPU
		{48EA2FE3-EBC4-4767-934E-A2640F0CB304}.Debug|Any CPU.Build.0 = Debug|Any CPU
		{48EA2FE3-EBC4-4767-934E-A2640F0CB304}.Release|Any CPU.ActiveCfg = Release|Any CPU
		{48EA2FE3-EBC4-4767-934E-A2640F0CB304}.Release|Any CPU.Build.0 = Release|Any CPU
	EndGlobalSection
	GlobalSection(SolutionProperties) = preSolution
		HideSolutionNode = FALSE
	EndGlobalSection
	GlobalSection(ExtensibilityGlobals) = postSolution
		SolutionGuid = {D8A5F380-3BA6-4EAB-A737-F4A3DD91A674}
	EndGlobalSection
EndGlobal
