
Microsoft Visual Studio Solution File, Format Version 12.00
# Visual Studio 15
VisualStudioVersion = 15.0.27004.2006
MinimumVisualStudioVersion = 10.0.40219.1
Project("{FAE04EC0-301F-11D3-BF4B-00C04F79EFBC}") = "ConsoleEsNet", "ConsoleEsNet\ConsoleEsNet.csproj", "{4B24AB7B-E287-4DA6-814B-01660C6948A4}"
EndProject
Project("{FAE04EC0-301F-11D3-BF4B-00C04F79EFBC}") = "ConsoleEsNetSearch", "ConsoleEsNetSearch\ConsoleEsNetSearch.csproj", "{078E3C8F-9814-499F-85A0-FE4D8E4025C6}"
EndProject
Global
	GlobalSection(SolutionConfigurationPlatforms) = preSolution
		Debug|Any CPU = Debug|Any CPU
		Release|Any CPU = Release|Any CPU
	EndGlobalSection
	GlobalSection(ProjectConfigurationPlatforms) = postSolution
		{4B24AB7B-E287-4DA6-814B-01660C6948A4}.Debug|Any CPU.ActiveCfg = Debug|Any CPU
		{4B24AB7B-E287-4DA6-814B-01660C6948A4}.Debug|Any CPU.Build.0 = Debug|Any CPU
		{4B24AB7B-E287-4DA6-814B-01660C6948A4}.Release|Any CPU.ActiveCfg = Release|Any CPU
		{4B24AB7B-E287-4DA6-814B-01660C6948A4}.Release|Any CPU.Build.0 = Release|Any CPU
		{078E3C8F-9814-499F-85A0-FE4D8E4025C6}.Debug|Any CPU.ActiveCfg = Debug|Any CPU
		{078E3C8F-9814-499F-85A0-FE4D8E4025C6}.Debug|Any CPU.Build.0 = Debug|Any CPU
		{078E3C8F-9814-499F-85A0-FE4D8E4025C6}.Release|Any CPU.ActiveCfg = Release|Any CPU
		{078E3C8F-9814-499F-85A0-FE4D8E4025C6}.Release|Any CPU.Build.0 = Release|Any CPU
	EndGlobalSection
	GlobalSection(SolutionProperties) = preSolution
		HideSolutionNode = FALSE
	EndGlobalSection
	GlobalSection(ExtensibilityGlobals) = postSolution
		SolutionGuid = {C3FB6BB4-682B-4428-ADB8-493558686D5C}
	EndGlobalSection
EndGlobal
