
Microsoft Visual Studio Solution File, Format Version 12.00
# Visual Studio Version 16
VisualStudioVersion = 16.0.29418.71
MinimumVisualStudioVersion = 10.0.40219.1
Project("{FAE04EC0-301F-11D3-BF4B-00C04F79EFBC}") = "WebApplication1", "WebApplication1.csproj", "{9543FA66-2D1C-4975-AA16-EDFC97A17971}"
EndProject
Global
	GlobalSection(SolutionConfigurationPlatforms) = preSolution
		Debug|Any CPU = Debug|Any CPU
		Release|Any CPU = Release|Any CPU
	EndGlobalSection
	GlobalSection(ProjectConfigurationPlatforms) = postSolution
		{9543FA66-2D1C-4975-AA16-EDFC97A17971}.Debug|Any CPU.ActiveCfg = Debug|Any CPU
		{9543FA66-2D1C-4975-AA16-EDFC97A17971}.Debug|Any CPU.Build.0 = Debug|Any CPU
		{9543FA66-2D1C-4975-AA16-EDFC97A17971}.Release|Any CPU.ActiveCfg = Release|Any CPU
		{9543FA66-2D1C-4975-AA16-EDFC97A17971}.Release|Any CPU.Build.0 = Release|Any CPU
	EndGlobalSection
	GlobalSection(SolutionProperties) = preSolution
		HideSolutionNode = FALSE
	EndGlobalSection
	GlobalSection(ExtensibilityGlobals) = postSolution
		SolutionGuid = {820DA753-3EE4-4417-9E9F-D02C7F0DCC66}
	EndGlobalSection
EndGlobal
