
Microsoft Visual Studio Solution File, Format Version 12.00
# Visual Studio Version 16
VisualStudioVersion = 16.0.29418.71
MinimumVisualStudioVersion = 10.0.40219.1
Project("{FAE04EC0-301F-11D3-BF4B-00C04F79EFBC}") = "Console1", "Console1.csproj", "{A11B1B22-209F-471F-B10D-8F731A325519}"
EndProject
Global
	GlobalSection(SolutionConfigurationPlatforms) = preSolution
		Debug|Any CPU = Debug|Any CPU
		Release|Any CPU = Release|Any CPU
	EndGlobalSection
	GlobalSection(ProjectConfigurationPlatforms) = postSolution
		{A11B1B22-209F-471F-B10D-8F731A325519}.Debug|Any CPU.ActiveCfg = Debug|Any CPU
		{A11B1B22-209F-471F-B10D-8F731A325519}.Debug|Any CPU.Build.0 = Debug|Any CPU
		{A11B1B22-209F-471F-B10D-8F731A325519}.Release|Any CPU.ActiveCfg = Release|Any CPU
		{A11B1B22-209F-471F-B10D-8F731A325519}.Release|Any CPU.Build.0 = Release|Any CPU
	EndGlobalSection
	GlobalSection(SolutionProperties) = preSolution
		HideSolutionNode = FALSE
	EndGlobalSection
	GlobalSection(ExtensibilityGlobals) = postSolution
		SolutionGuid = {CC444486-0BAF-4D71-ABA0-32F4E0E74602}
	EndGlobalSection
EndGlobal
